
Microsoft Visual Studio Solution File, Format Version 12.00
# Visual Studio 15
VisualStudioVersion = 15.0.26730.16
MinimumVisualStudioVersion = 10.0.40219.1
Project("{FAE04EC0-301F-11D3-BF4B-00C04F79EFBC}") = "oldigw", "oldigw\oldigw.csproj", "{9CBB6000-8817-4E48-B930-FF5E624F6B62}"
EndProject
Project("{FAE04EC0-301F-11D3-BF4B-00C04F79EFBC}") = "Utility", "Utility\Utility.csproj", "{4DD1FC16-9135-4B14-BCF0-3749D548F52E}"
EndProject
Project("{FAE04EC0-301F-11D3-BF4B-00C04F79EFBC}") = "Oldi.Net", "Oldi.Net\Oldi.Net.csproj", "{E9CA46DE-E44D-49C3-BCBA-D9AC2CD9C785}"
EndProject
Project("{FAE04EC0-301F-11D3-BF4B-00C04F79EFBC}") = "Redo", "Redo\Redo.csproj", "{14272F7D-A398-43FF-9EFC-5A5537539F6C}"
EndProject
Project("{FAE04EC0-301F-11D3-BF4B-00C04F79EFBC}") = "Mts", "Mts\Mts.csproj", "{92060078-158C-4E4A-B718-977F4223786B}"
EndProject
Project("{FAE04EC0-301F-11D3-BF4B-00C04F79EFBC}") = "Ekt", "Ekt\Ekt.csproj", "{16750842-6236-419E-9930-87DDBA8456EB}"
EndProject
Project("{FAE04EC0-301F-11D3-BF4B-00C04F79EFBC}") = "Smtp", "Smtp\Smtp.csproj", "{40D3D9B3-33A5-4EE8-9203-94AFCC138280}"
EndProject
Project("{FAE04EC0-301F-11D3-BF4B-00C04F79EFBC}") = "SocialExplorer.FastDbf", "SocialExplorer.FastDbf\SocialExplorer.FastDbf.csproj", "{45366B81-8340-4DDD-9840-07D8FDD552C4}"
EndProject
Project("{FAE04EC0-301F-11D3-BF4B-00C04F79EFBC}") = "Cyber", "Cyber\Cyber.csproj", "{0533A02A-EFD6-483C-B640-82B23E68B611}"
EndProject
Project("{FAE04EC0-301F-11D3-BF4B-00C04F79EFBC}") = "Test", "Test\Test.csproj", "{16B0BA34-5249-49BF-9AF8-19FBC01C5B06}"
EndProject
Project("{FAE04EC0-301F-11D3-BF4B-00C04F79EFBC}") = "Autoshow", "Autoshow\Autoshow.csproj", "{A6DED269-DA73-478D-9FED-F5E3CCB412D7}"
EndProject
Project("{FAE04EC0-301F-11D3-BF4B-00C04F79EFBC}") = "SMPP", "SMPP\SMPP.csproj", "{E3E4C85D-839F-42AE-BA65-E54B29261510}"
EndProject
Project("{FAE04EC0-301F-11D3-BF4B-00C04F79EFBC}") = "RT", "RT\RT.csproj", "{55733427-A15A-4424-8165-7232F7BA2A7E}"
EndProject
Project("{FAE04EC0-301F-11D3-BF4B-00C04F79EFBC}") = "RedirectPay", "RedirectPay\RedirectPay.csproj", "{F55F4DE0-DA6C-425A-8D9E-215D61AAC4F5}"
EndProject
Project("{FAE04EC0-301F-11D3-BF4B-00C04F79EFBC}") = "GPG", "GnuPGService\GPG.csproj", "{419AD931-B288-4300-B39D-DEB7847B0DF4}"
EndProject
Project("{FAE04EC0-301F-11D3-BF4B-00C04F79EFBC}") = "SchoolGateway", "SchoolGateway\SchoolGateway.csproj", "{26BB01C1-45C7-41C3-9B38-21294FEF512B}"
EndProject
Global
	GlobalSection(SolutionConfigurationPlatforms) = preSolution
		Debug|Any CPU = Debug|Any CPU
		Debug|Mixed Platforms = Debug|Mixed Platforms
		Debug|Win32 = Debug|Win32
		Debug|x64 = Debug|x64
		Debug|x86 = Debug|x86
		Release|Any CPU = Release|Any CPU
		Release|Mixed Platforms = Release|Mixed Platforms
		Release|Win32 = Release|Win32
		Release|x64 = Release|x64
		Release|x86 = Release|x86
	EndGlobalSection
	GlobalSection(ProjectConfigurationPlatforms) = postSolution
		{9CBB6000-8817-4E48-B930-FF5E624F6B62}.Debug|Any CPU.ActiveCfg = Debug|x86
		{9CBB6000-8817-4E48-B930-FF5E624F6B62}.Debug|Any CPU.Build.0 = Debug|x86
		{9CBB6000-8817-4E48-B930-FF5E624F6B62}.Debug|Mixed Platforms.ActiveCfg = Debug|x86
		{9CBB6000-8817-4E48-B930-FF5E624F6B62}.Debug|Win32.ActiveCfg = Debug|x86
		{9CBB6000-8817-4E48-B930-FF5E624F6B62}.Debug|x64.ActiveCfg = Debug|x86
		{9CBB6000-8817-4E48-B930-FF5E624F6B62}.Debug|x86.ActiveCfg = Debug|x86
		{9CBB6000-8817-4E48-B930-FF5E624F6B62}.Debug|x86.Build.0 = Debug|x86
		{9CBB6000-8817-4E48-B930-FF5E624F6B62}.Release|Any CPU.ActiveCfg = Release|x86
		{9CBB6000-8817-4E48-B930-FF5E624F6B62}.Release|Mixed Platforms.ActiveCfg = Release|x86
		{9CBB6000-8817-4E48-B930-FF5E624F6B62}.Release|Mixed Platforms.Build.0 = Release|x86
		{9CBB6000-8817-4E48-B930-FF5E624F6B62}.Release|Win32.ActiveCfg = Release|x86
		{9CBB6000-8817-4E48-B930-FF5E624F6B62}.Release|x64.ActiveCfg = Release|x86
		{9CBB6000-8817-4E48-B930-FF5E624F6B62}.Release|x86.ActiveCfg = Release|x86
		{9CBB6000-8817-4E48-B930-FF5E624F6B62}.Release|x86.Build.0 = Release|x86
		{4DD1FC16-9135-4B14-BCF0-3749D548F52E}.Debug|Any CPU.ActiveCfg = Debug|Any CPU
		{4DD1FC16-9135-4B14-BCF0-3749D548F52E}.Debug|Any CPU.Build.0 = Debug|Any CPU
		{4DD1FC16-9135-4B14-BCF0-3749D548F52E}.Debug|Mixed Platforms.ActiveCfg = Debug|Any CPU
		{4DD1FC16-9135-4B14-BCF0-3749D548F52E}.Debug|Mixed Platforms.Build.0 = Debug|Any CPU
		{4DD1FC16-9135-4B14-BCF0-3749D548F52E}.Debug|Win32.ActiveCfg = Debug|Any CPU
		{4DD1FC16-9135-4B14-BCF0-3749D548F52E}.Debug|x64.ActiveCfg = Debug|Any CPU
		{4DD1FC16-9135-4B14-BCF0-3749D548F52E}.Debug|x86.ActiveCfg = Debug|Any CPU
		{4DD1FC16-9135-4B14-BCF0-3749D548F52E}.Debug|x86.Build.0 = Debug|Any CPU
		{4DD1FC16-9135-4B14-BCF0-3749D548F52E}.Release|Any CPU.ActiveCfg = Release|Any CPU
		{4DD1FC16-9135-4B14-BCF0-3749D548F52E}.Release|Any CPU.Build.0 = Release|Any CPU
		{4DD1FC16-9135-4B14-BCF0-3749D548F52E}.Release|Mixed Platforms.ActiveCfg = Release|Any CPU
		{4DD1FC16-9135-4B14-BCF0-3749D548F52E}.Release|Mixed Platforms.Build.0 = Release|Any CPU
		{4DD1FC16-9135-4B14-BCF0-3749D548F52E}.Release|Win32.ActiveCfg = Release|Any CPU
		{4DD1FC16-9135-4B14-BCF0-3749D548F52E}.Release|x64.ActiveCfg = Release|Any CPU
		{4DD1FC16-9135-4B14-BCF0-3749D548F52E}.Release|x86.ActiveCfg = Release|Any CPU
		{E9CA46DE-E44D-49C3-BCBA-D9AC2CD9C785}.Debug|Any CPU.ActiveCfg = Debug|Any CPU
		{E9CA46DE-E44D-49C3-BCBA-D9AC2CD9C785}.Debug|Any CPU.Build.0 = Debug|Any CPU
		{E9CA46DE-E44D-49C3-BCBA-D9AC2CD9C785}.Debug|Mixed Platforms.ActiveCfg = Debug|Any CPU
		{E9CA46DE-E44D-49C3-BCBA-D9AC2CD9C785}.Debug|Mixed Platforms.Build.0 = Debug|Any CPU
		{E9CA46DE-E44D-49C3-BCBA-D9AC2CD9C785}.Debug|Win32.ActiveCfg = Debug|Any CPU
		{E9CA46DE-E44D-49C3-BCBA-D9AC2CD9C785}.Debug|x64.ActiveCfg = Debug|Any CPU
		{E9CA46DE-E44D-49C3-BCBA-D9AC2CD9C785}.Debug|x86.ActiveCfg = Debug|Any CPU
		{E9CA46DE-E44D-49C3-BCBA-D9AC2CD9C785}.Debug|x86.Build.0 = Debug|Any CPU
		{E9CA46DE-E44D-49C3-BCBA-D9AC2CD9C785}.Release|Any CPU.ActiveCfg = Release|Any CPU
		{E9CA46DE-E44D-49C3-BCBA-D9AC2CD9C785}.Release|Any CPU.Build.0 = Release|Any CPU
		{E9CA46DE-E44D-49C3-BCBA-D9AC2CD9C785}.Release|Mixed Platforms.ActiveCfg = Release|Any CPU
		{E9CA46DE-E44D-49C3-BCBA-D9AC2CD9C785}.Release|Mixed Platforms.Build.0 = Release|Any CPU
		{E9CA46DE-E44D-49C3-BCBA-D9AC2CD9C785}.Release|Win32.ActiveCfg = Release|Any CPU
		{E9CA46DE-E44D-49C3-BCBA-D9AC2CD9C785}.Release|x64.ActiveCfg = Release|Any CPU
		{E9CA46DE-E44D-49C3-BCBA-D9AC2CD9C785}.Release|x86.ActiveCfg = Release|Any CPU
		{14272F7D-A398-43FF-9EFC-5A5537539F6C}.Debug|Any CPU.ActiveCfg = Debug|x86
		{14272F7D-A398-43FF-9EFC-5A5537539F6C}.Debug|Any CPU.Build.0 = Debug|x86
		{14272F7D-A398-43FF-9EFC-5A5537539F6C}.Debug|Mixed Platforms.ActiveCfg = Debug|x86
		{14272F7D-A398-43FF-9EFC-5A5537539F6C}.Debug|Mixed Platforms.Build.0 = Debug|x86
		{14272F7D-A398-43FF-9EFC-5A5537539F6C}.Debug|Win32.ActiveCfg = Debug|x86
		{14272F7D-A398-43FF-9EFC-5A5537539F6C}.Debug|x64.ActiveCfg = Debug|x86
		{14272F7D-A398-43FF-9EFC-5A5537539F6C}.Debug|x86.ActiveCfg = Debug|x86
		{14272F7D-A398-43FF-9EFC-5A5537539F6C}.Debug|x86.Build.0 = Debug|x86
		{14272F7D-A398-43FF-9EFC-5A5537539F6C}.Release|Any CPU.ActiveCfg = Release|x86
		{14272F7D-A398-43FF-9EFC-5A5537539F6C}.Release|Mixed Platforms.ActiveCfg = Release|x86
		{14272F7D-A398-43FF-9EFC-5A5537539F6C}.Release|Mixed Platforms.Build.0 = Release|x86
		{14272F7D-A398-43FF-9EFC-5A5537539F6C}.Release|Win32.ActiveCfg = Release|x86
		{14272F7D-A398-43FF-9EFC-5A5537539F6C}.Release|x64.ActiveCfg = Release|x86
		{14272F7D-A398-43FF-9EFC-5A5537539F6C}.Release|x86.ActiveCfg = Release|x86
		{14272F7D-A398-43FF-9EFC-5A5537539F6C}.Release|x86.Build.0 = Release|x86
		{92060078-158C-4E4A-B718-977F4223786B}.Debug|Any CPU.ActiveCfg = Debug|Any CPU
		{92060078-158C-4E4A-B718-977F4223786B}.Debug|Any CPU.Build.0 = Debug|Any CPU
		{92060078-158C-4E4A-B718-977F4223786B}.Debug|Mixed Platforms.ActiveCfg = Debug|Any CPU
		{92060078-158C-4E4A-B718-977F4223786B}.Debug|Mixed Platforms.Build.0 = Debug|Any CPU
		{92060078-158C-4E4A-B718-977F4223786B}.Debug|Win32.ActiveCfg = Debug|Any CPU
		{92060078-158C-4E4A-B718-977F4223786B}.Debug|x64.ActiveCfg = Debug|Any CPU
		{92060078-158C-4E4A-B718-977F4223786B}.Debug|x86.ActiveCfg = Debug|Any CPU
		{92060078-158C-4E4A-B718-977F4223786B}.Debug|x86.Build.0 = Debug|Any CPU
		{92060078-158C-4E4A-B718-977F4223786B}.Release|Any CPU.ActiveCfg = Release|Any CPU
		{92060078-158C-4E4A-B718-977F4223786B}.Release|Any CPU.Build.0 = Release|Any CPU
		{92060078-158C-4E4A-B718-977F4223786B}.Release|Mixed Platforms.ActiveCfg = Release|Any CPU
		{92060078-158C-4E4A-B718-977F4223786B}.Release|Mixed Platforms.Build.0 = Release|Any CPU
		{92060078-158C-4E4A-B718-977F4223786B}.Release|Win32.ActiveCfg = Release|Any CPU
		{92060078-158C-4E4A-B718-977F4223786B}.Release|x64.ActiveCfg = Release|Any CPU
		{92060078-158C-4E4A-B718-977F4223786B}.Release|x86.ActiveCfg = Release|Any CPU
		{16750842-6236-419E-9930-87DDBA8456EB}.Debug|Any CPU.ActiveCfg = Debug|Any CPU
		{16750842-6236-419E-9930-87DDBA8456EB}.Debug|Any CPU.Build.0 = Debug|Any CPU
		{16750842-6236-419E-9930-87DDBA8456EB}.Debug|Mixed Platforms.ActiveCfg = Debug|Any CPU
		{16750842-6236-419E-9930-87DDBA8456EB}.Debug|Mixed Platforms.Build.0 = Debug|Any CPU
		{16750842-6236-419E-9930-87DDBA8456EB}.Debug|Win32.ActiveCfg = Debug|Any CPU
		{16750842-6236-419E-9930-87DDBA8456EB}.Debug|x64.ActiveCfg = Debug|Any CPU
		{16750842-6236-419E-9930-87DDBA8456EB}.Debug|x86.ActiveCfg = Debug|Any CPU
		{16750842-6236-419E-9930-87DDBA8456EB}.Debug|x86.Build.0 = Debug|Any CPU
		{16750842-6236-419E-9930-87DDBA8456EB}.Release|Any CPU.ActiveCfg = Release|Any CPU
		{16750842-6236-419E-9930-87DDBA8456EB}.Release|Any CPU.Build.0 = Release|Any CPU
		{16750842-6236-419E-9930-87DDBA8456EB}.Release|Mixed Platforms.ActiveCfg = Release|Any CPU
		{16750842-6236-419E-9930-87DDBA8456EB}.Release|Mixed Platforms.Build.0 = Release|Any CPU
		{16750842-6236-419E-9930-87DDBA8456EB}.Release|Win32.ActiveCfg = Release|Any CPU
		{16750842-6236-419E-9930-87DDBA8456EB}.Release|x64.ActiveCfg = Release|Any CPU
		{16750842-6236-419E-9930-87DDBA8456EB}.Release|x86.ActiveCfg = Release|Any CPU
		{40D3D9B3-33A5-4EE8-9203-94AFCC138280}.Debug|Any CPU.ActiveCfg = Debug|Any CPU
		{40D3D9B3-33A5-4EE8-9203-94AFCC138280}.Debug|Any CPU.Build.0 = Debug|Any CPU
		{40D3D9B3-33A5-4EE8-9203-94AFCC138280}.Debug|Mixed Platforms.ActiveCfg = Debug|Any CPU
		{40D3D9B3-33A5-4EE8-9203-94AFCC138280}.Debug|Mixed Platforms.Build.0 = Debug|Any CPU
		{40D3D9B3-33A5-4EE8-9203-94AFCC138280}.Debug|Win32.ActiveCfg = Debug|Any CPU
		{40D3D9B3-33A5-4EE8-9203-94AFCC138280}.Debug|x64.ActiveCfg = Debug|Any CPU
		{40D3D9B3-33A5-4EE8-9203-94AFCC138280}.Debug|x86.ActiveCfg = Debug|Any CPU
		{40D3D9B3-33A5-4EE8-9203-94AFCC138280}.Debug|x86.Build.0 = Debug|Any CPU
		{40D3D9B3-33A5-4EE8-9203-94AFCC138280}.Release|Any CPU.ActiveCfg = Release|Any CPU
		{40D3D9B3-33A5-4EE8-9203-94AFCC138280}.Release|Any CPU.Build.0 = Release|Any CPU
		{40D3D9B3-33A5-4EE8-9203-94AFCC138280}.Release|Mixed Platforms.ActiveCfg = Release|Any CPU
		{40D3D9B3-33A5-4EE8-9203-94AFCC138280}.Release|Mixed Platforms.Build.0 = Release|Any CPU
		{40D3D9B3-33A5-4EE8-9203-94AFCC138280}.Release|Win32.ActiveCfg = Release|Any CPU
		{40D3D9B3-33A5-4EE8-9203-94AFCC138280}.Release|x64.ActiveCfg = Release|Any CPU
		{40D3D9B3-33A5-4EE8-9203-94AFCC138280}.Release|x86.ActiveCfg = Release|Any CPU
		{45366B81-8340-4DDD-9840-07D8FDD552C4}.Debug|Any CPU.ActiveCfg = Debug|Any CPU
		{45366B81-8340-4DDD-9840-07D8FDD552C4}.Debug|Any CPU.Build.0 = Debug|Any CPU
		{45366B81-8340-4DDD-9840-07D8FDD552C4}.Debug|Mixed Platforms.ActiveCfg = Debug|Any CPU
		{45366B81-8340-4DDD-9840-07D8FDD552C4}.Debug|Mixed Platforms.Build.0 = Debug|Any CPU
		{45366B81-8340-4DDD-9840-07D8FDD552C4}.Debug|Win32.ActiveCfg = Debug|Any CPU
		{45366B81-8340-4DDD-9840-07D8FDD552C4}.Debug|x64.ActiveCfg = Debug|Any CPU
		{45366B81-8340-4DDD-9840-07D8FDD552C4}.Debug|x86.ActiveCfg = Debug|Any CPU
		{45366B81-8340-4DDD-9840-07D8FDD552C4}.Debug|x86.Build.0 = Debug|Any CPU
		{45366B81-8340-4DDD-9840-07D8FDD552C4}.Release|Any CPU.ActiveCfg = Release|Any CPU
		{45366B81-8340-4DDD-9840-07D8FDD552C4}.Release|Any CPU.Build.0 = Release|Any CPU
		{45366B81-8340-4DDD-9840-07D8FDD552C4}.Release|Mixed Platforms.ActiveCfg = Release|Any CPU
		{45366B81-8340-4DDD-9840-07D8FDD552C4}.Release|Mixed Platforms.Build.0 = Release|Any CPU
		{45366B81-8340-4DDD-9840-07D8FDD552C4}.Release|Win32.ActiveCfg = Release|Any CPU
		{45366B81-8340-4DDD-9840-07D8FDD552C4}.Release|x64.ActiveCfg = Release|Any CPU
		{45366B81-8340-4DDD-9840-07D8FDD552C4}.Release|x86.ActiveCfg = Release|Any CPU
		{0533A02A-EFD6-483C-B640-82B23E68B611}.Debug|Any CPU.ActiveCfg = Debug|Any CPU
		{0533A02A-EFD6-483C-B640-82B23E68B611}.Debug|Any CPU.Build.0 = Debug|Any CPU
		{0533A02A-EFD6-483C-B640-82B23E68B611}.Debug|Mixed Platforms.ActiveCfg = Debug|Any CPU
		{0533A02A-EFD6-483C-B640-82B23E68B611}.Debug|Mixed Platforms.Build.0 = Debug|Any CPU
		{0533A02A-EFD6-483C-B640-82B23E68B611}.Debug|Win32.ActiveCfg = Debug|Any CPU
		{0533A02A-EFD6-483C-B640-82B23E68B611}.Debug|x64.ActiveCfg = Debug|Any CPU
		{0533A02A-EFD6-483C-B640-82B23E68B611}.Debug|x64.Build.0 = Debug|Any CPU
		{0533A02A-EFD6-483C-B640-82B23E68B611}.Debug|x86.ActiveCfg = Debug|Any CPU
		{0533A02A-EFD6-483C-B640-82B23E68B611}.Debug|x86.Build.0 = Debug|Any CPU
		{0533A02A-EFD6-483C-B640-82B23E68B611}.Release|Any CPU.ActiveCfg = Release|Any CPU
		{0533A02A-EFD6-483C-B640-82B23E68B611}.Release|Any CPU.Build.0 = Release|Any CPU
		{0533A02A-EFD6-483C-B640-82B23E68B611}.Release|Mixed Platforms.ActiveCfg = Release|Any CPU
		{0533A02A-EFD6-483C-B640-82B23E68B611}.Release|Mixed Platforms.Build.0 = Release|Any CPU
		{0533A02A-EFD6-483C-B640-82B23E68B611}.Release|Win32.ActiveCfg = Release|Any CPU
		{0533A02A-EFD6-483C-B640-82B23E68B611}.Release|x64.ActiveCfg = Release|x64
		{0533A02A-EFD6-483C-B640-82B23E68B611}.Release|x64.Build.0 = Release|x64
		{0533A02A-EFD6-483C-B640-82B23E68B611}.Release|x86.ActiveCfg = Release|Any CPU
		{16B0BA34-5249-49BF-9AF8-19FBC01C5B06}.Debug|Any CPU.ActiveCfg = Debug|x86
		{16B0BA34-5249-49BF-9AF8-19FBC01C5B06}.Debug|Mixed Platforms.ActiveCfg = Debug|x86
		{16B0BA34-5249-49BF-9AF8-19FBC01C5B06}.Debug|Mixed Platforms.Build.0 = Debug|x86
		{16B0BA34-5249-49BF-9AF8-19FBC01C5B06}.Debug|Win32.ActiveCfg = Debug|x86
		{16B0BA34-5249-49BF-9AF8-19FBC01C5B06}.Debug|x64.ActiveCfg = Debug|x86
		{16B0BA34-5249-49BF-9AF8-19FBC01C5B06}.Debug|x86.ActiveCfg = Debug|x86
		{16B0BA34-5249-49BF-9AF8-19FBC01C5B06}.Debug|x86.Build.0 = Debug|x86
		{16B0BA34-5249-49BF-9AF8-19FBC01C5B06}.Release|Any CPU.ActiveCfg = Release|x86
		{16B0BA34-5249-49BF-9AF8-19FBC01C5B06}.Release|Mixed Platforms.ActiveCfg = Release|x86
		{16B0BA34-5249-49BF-9AF8-19FBC01C5B06}.Release|Mixed Platforms.Build.0 = Release|x86
		{16B0BA34-5249-49BF-9AF8-19FBC01C5B06}.Release|Win32.ActiveCfg = Release|x86
		{16B0BA34-5249-49BF-9AF8-19FBC01C5B06}.Release|x64.ActiveCfg = Release|x86
		{16B0BA34-5249-49BF-9AF8-19FBC01C5B06}.Release|x86.ActiveCfg = Release|x86
		{16B0BA34-5249-49BF-9AF8-19FBC01C5B06}.Release|x86.Build.0 = Release|x86
		{A6DED269-DA73-478D-9FED-F5E3CCB412D7}.Debug|Any CPU.ActiveCfg = Debug|Any CPU
		{A6DED269-DA73-478D-9FED-F5E3CCB412D7}.Debug|Any CPU.Build.0 = Debug|Any CPU
		{A6DED269-DA73-478D-9FED-F5E3CCB412D7}.Debug|Mixed Platforms.ActiveCfg = Debug|Any CPU
		{A6DED269-DA73-478D-9FED-F5E3CCB412D7}.Debug|Mixed Platforms.Build.0 = Debug|Any CPU
		{A6DED269-DA73-478D-9FED-F5E3CCB412D7}.Debug|Win32.ActiveCfg = Debug|Any CPU
		{A6DED269-DA73-478D-9FED-F5E3CCB412D7}.Debug|x64.ActiveCfg = Debug|Any CPU
		{A6DED269-DA73-478D-9FED-F5E3CCB412D7}.Debug|x86.ActiveCfg = Debug|Any CPU
		{A6DED269-DA73-478D-9FED-F5E3CCB412D7}.Release|Any CPU.ActiveCfg = Release|Any CPU
		{A6DED269-DA73-478D-9FED-F5E3CCB412D7}.Release|Any CPU.Build.0 = Release|Any CPU
		{A6DED269-DA73-478D-9FED-F5E3CCB412D7}.Release|Mixed Platforms.ActiveCfg = Release|Any CPU
		{A6DED269-DA73-478D-9FED-F5E3CCB412D7}.Release|Mixed Platforms.Build.0 = Release|Any CPU
		{A6DED269-DA73-478D-9FED-F5E3CCB412D7}.Release|Win32.ActiveCfg = Release|Any CPU
		{A6DED269-DA73-478D-9FED-F5E3CCB412D7}.Release|x64.ActiveCfg = Release|Any CPU
		{A6DED269-DA73-478D-9FED-F5E3CCB412D7}.Release|x86.ActiveCfg = Release|Any CPU
		{E3E4C85D-839F-42AE-BA65-E54B29261510}.Debug|Any CPU.ActiveCfg = Debug|Any CPU
		{E3E4C85D-839F-42AE-BA65-E54B29261510}.Debug|Any CPU.Build.0 = Debug|Any CPU
		{E3E4C85D-839F-42AE-BA65-E54B29261510}.Debug|Mixed Platforms.ActiveCfg = Debug|Any CPU
		{E3E4C85D-839F-42AE-BA65-E54B29261510}.Debug|Mixed Platforms.Build.0 = Debug|Any CPU
		{E3E4C85D-839F-42AE-BA65-E54B29261510}.Debug|Win32.ActiveCfg = Debug|Any CPU
		{E3E4C85D-839F-42AE-BA65-E54B29261510}.Debug|x64.ActiveCfg = Debug|Any CPU
		{E3E4C85D-839F-42AE-BA65-E54B29261510}.Debug|x86.ActiveCfg = Debug|Any CPU
		{E3E4C85D-839F-42AE-BA65-E54B29261510}.Release|Any CPU.ActiveCfg = Release|Any CPU
		{E3E4C85D-839F-42AE-BA65-E54B29261510}.Release|Any CPU.Build.0 = Release|Any CPU
		{E3E4C85D-839F-42AE-BA65-E54B29261510}.Release|Mixed Platforms.ActiveCfg = Release|Any CPU
		{E3E4C85D-839F-42AE-BA65-E54B29261510}.Release|Mixed Platforms.Build.0 = Release|Any CPU
		{E3E4C85D-839F-42AE-BA65-E54B29261510}.Release|Win32.ActiveCfg = Release|Any CPU
		{E3E4C85D-839F-42AE-BA65-E54B29261510}.Release|x64.ActiveCfg = Release|Any CPU
		{E3E4C85D-839F-42AE-BA65-E54B29261510}.Release|x86.ActiveCfg = Release|Any CPU
		{55733427-A15A-4424-8165-7232F7BA2A7E}.Debug|Any CPU.ActiveCfg = Debug|Any CPU
		{55733427-A15A-4424-8165-7232F7BA2A7E}.Debug|Any CPU.Build.0 = Debug|Any CPU
		{55733427-A15A-4424-8165-7232F7BA2A7E}.Debug|Mixed Platforms.ActiveCfg = Debug|Any CPU
		{55733427-A15A-4424-8165-7232F7BA2A7E}.Debug|Mixed Platforms.Build.0 = Debug|Any CPU
		{55733427-A15A-4424-8165-7232F7BA2A7E}.Debug|Win32.ActiveCfg = Debug|Any CPU
		{55733427-A15A-4424-8165-7232F7BA2A7E}.Debug|x64.ActiveCfg = Debug|Any CPU
		{55733427-A15A-4424-8165-7232F7BA2A7E}.Debug|x86.ActiveCfg = Debug|Any CPU
		{55733427-A15A-4424-8165-7232F7BA2A7E}.Debug|x86.Build.0 = Debug|Any CPU
		{55733427-A15A-4424-8165-7232F7BA2A7E}.Release|Any CPU.ActiveCfg = Release|Any CPU
		{55733427-A15A-4424-8165-7232F7BA2A7E}.Release|Any CPU.Build.0 = Release|Any CPU
		{55733427-A15A-4424-8165-7232F7BA2A7E}.Release|Mixed Platforms.ActiveCfg = Release|Any CPU
		{55733427-A15A-4424-8165-7232F7BA2A7E}.Release|Mixed Platforms.Build.0 = Release|Any CPU
		{55733427-A15A-4424-8165-7232F7BA2A7E}.Release|Win32.ActiveCfg = Release|Any CPU
		{55733427-A15A-4424-8165-7232F7BA2A7E}.Release|x64.ActiveCfg = Release|Any CPU
		{55733427-A15A-4424-8165-7232F7BA2A7E}.Release|x86.ActiveCfg = Release|Any CPU
		{F55F4DE0-DA6C-425A-8D9E-215D61AAC4F5}.Debug|Any CPU.ActiveCfg = Debug|Any CPU
		{F55F4DE0-DA6C-425A-8D9E-215D61AAC4F5}.Debug|Any CPU.Build.0 = Debug|Any CPU
		{F55F4DE0-DA6C-425A-8D9E-215D61AAC4F5}.Debug|Mixed Platforms.ActiveCfg = Debug|Any CPU
		{F55F4DE0-DA6C-425A-8D9E-215D61AAC4F5}.Debug|Mixed Platforms.Build.0 = Debug|Any CPU
		{F55F4DE0-DA6C-425A-8D9E-215D61AAC4F5}.Debug|Win32.ActiveCfg = Debug|Any CPU
		{F55F4DE0-DA6C-425A-8D9E-215D61AAC4F5}.Debug|x64.ActiveCfg = Debug|Any CPU
		{F55F4DE0-DA6C-425A-8D9E-215D61AAC4F5}.Debug|x86.ActiveCfg = Debug|Any CPU
		{F55F4DE0-DA6C-425A-8D9E-215D61AAC4F5}.Release|Any CPU.ActiveCfg = Release|Any CPU
		{F55F4DE0-DA6C-425A-8D9E-215D61AAC4F5}.Release|Any CPU.Build.0 = Release|Any CPU
		{F55F4DE0-DA6C-425A-8D9E-215D61AAC4F5}.Release|Mixed Platforms.ActiveCfg = Release|Any CPU
		{F55F4DE0-DA6C-425A-8D9E-215D61AAC4F5}.Release|Mixed Platforms.Build.0 = Release|Any CPU
		{F55F4DE0-DA6C-425A-8D9E-215D61AAC4F5}.Release|Win32.ActiveCfg = Release|Any CPU
		{F55F4DE0-DA6C-425A-8D9E-215D61AAC4F5}.Release|x64.ActiveCfg = Release|Any CPU
		{F55F4DE0-DA6C-425A-8D9E-215D61AAC4F5}.Release|x86.ActiveCfg = Release|Any CPU
		{419AD931-B288-4300-B39D-DEB7847B0DF4}.Debug|Any CPU.ActiveCfg = Debug|Any CPU
		{419AD931-B288-4300-B39D-DEB7847B0DF4}.Debug|Any CPU.Build.0 = Debug|Any CPU
		{419AD931-B288-4300-B39D-DEB7847B0DF4}.Debug|Mixed Platforms.ActiveCfg = Debug|Any CPU
		{419AD931-B288-4300-B39D-DEB7847B0DF4}.Debug|Win32.ActiveCfg = Debug|Any CPU
		{419AD931-B288-4300-B39D-DEB7847B0DF4}.Debug|x64.ActiveCfg = Debug|Any CPU
		{419AD931-B288-4300-B39D-DEB7847B0DF4}.Debug|x86.ActiveCfg = Debug|Any CPU
		{419AD931-B288-4300-B39D-DEB7847B0DF4}.Release|Any CPU.ActiveCfg = Release|Any CPU
		{419AD931-B288-4300-B39D-DEB7847B0DF4}.Release|Any CPU.Build.0 = Release|Any CPU
		{419AD931-B288-4300-B39D-DEB7847B0DF4}.Release|Mixed Platforms.ActiveCfg = Release|Any CPU
		{419AD931-B288-4300-B39D-DEB7847B0DF4}.Release|Mixed Platforms.Build.0 = Release|Any CPU
		{419AD931-B288-4300-B39D-DEB7847B0DF4}.Release|Win32.ActiveCfg = Release|Any CPU
		{419AD931-B288-4300-B39D-DEB7847B0DF4}.Release|x64.ActiveCfg = Release|Any CPU
		{419AD931-B288-4300-B39D-DEB7847B0DF4}.Release|x86.ActiveCfg = Release|Any CPU
		{26BB01C1-45C7-41C3-9B38-21294FEF512B}.Debug|Any CPU.ActiveCfg = Debug|Any CPU
		{26BB01C1-45C7-41C3-9B38-21294FEF512B}.Debug|Any CPU.Build.0 = Debug|Any CPU
		{26BB01C1-45C7-41C3-9B38-21294FEF512B}.Debug|Mixed Platforms.ActiveCfg = Debug|Any CPU
		{26BB01C1-45C7-41C3-9B38-21294FEF512B}.Debug|Mixed Platforms.Build.0 = Debug|Any CPU
		{26BB01C1-45C7-41C3-9B38-21294FEF512B}.Debug|Win32.ActiveCfg = Debug|Any CPU
		{26BB01C1-45C7-41C3-9B38-21294FEF512B}.Debug|Win32.Build.0 = Debug|Any CPU
		{26BB01C1-45C7-41C3-9B38-21294FEF512B}.Debug|x64.ActiveCfg = Debug|Any CPU
		{26BB01C1-45C7-41C3-9B38-21294FEF512B}.Debug|x64.Build.0 = Debug|Any CPU
		{26BB01C1-45C7-41C3-9B38-21294FEF512B}.Debug|x86.ActiveCfg = Debug|Any CPU
		{26BB01C1-45C7-41C3-9B38-21294FEF512B}.Debug|x86.Build.0 = Debug|Any CPU
		{26BB01C1-45C7-41C3-9B38-21294FEF512B}.Release|Any CPU.ActiveCfg = Release|Any CPU
		{26BB01C1-45C7-41C3-9B38-21294FEF512B}.Release|Any CPU.Build.0 = Release|Any CPU
		{26BB01C1-45C7-41C3-9B38-21294FEF512B}.Release|Mixed Platforms.ActiveCfg = Release|Any CPU
		{26BB01C1-45C7-41C3-9B38-21294FEF512B}.Release|Mixed Platforms.Build.0 = Release|Any CPU
		{26BB01C1-45C7-41C3-9B38-21294FEF512B}.Release|Win32.ActiveCfg = Release|Any CPU
		{26BB01C1-45C7-41C3-9B38-21294FEF512B}.Release|Win32.Build.0 = Release|Any CPU
		{26BB01C1-45C7-41C3-9B38-21294FEF512B}.Release|x64.ActiveCfg = Release|Any CPU
		{26BB01C1-45C7-41C3-9B38-21294FEF512B}.Release|x64.Build.0 = Release|Any CPU
		{26BB01C1-45C7-41C3-9B38-21294FEF512B}.Release|x86.ActiveCfg = Release|Any CPU
		{26BB01C1-45C7-41C3-9B38-21294FEF512B}.Release|x86.Build.0 = Release|Any CPU
	EndGlobalSection
	GlobalSection(SolutionProperties) = preSolution
		HideSolutionNode = FALSE
	EndGlobalSection
	GlobalSection(ExtensibilityGlobals) = postSolution
		SolutionGuid = {AEDDD48E-A651-4318-8DA5-73D76252D5A2}
	EndGlobalSection
EndGlobal
